// !$*UTF8*$!
{
	archiveVersion = 1;
	classes = {
	};
	objectVersion = 55;
	objects = {

/* Begin PBXBuildFile section */
		C6C90946285C5C3A000236EA /* NaheedPk_SwiftUIApp.swift in Sources */ = {isa = PBXBuildFile; fileRef = C6C90945285C5C3A000236EA /* NaheedPk_SwiftUIApp.swift */; };
		C6C90948285C5C3A000236EA /* ContentView.swift in Sources */ = {isa = PBXBuildFile; fileRef = C6C90947285C5C3A000236EA /* ContentView.swift */; };
		C6C9094A285C5C3B000236EA /* Assets.xcassets in Resources */ = {isa = PBXBuildFile; fileRef = C6C90949285C5C3B000236EA /* Assets.xcassets */; };
		C6C9094D285C5C3B000236EA /* Preview Assets.xcassets in Resources */ = {isa = PBXBuildFile; fileRef = C6C9094C285C5C3B000236EA /* Preview Assets.xcassets */; };
		C6C90957285C5C3B000236EA /* NaheedPk_SwiftUITests.swift in Sources */ = {isa = PBXBuildFile; fileRef = C6C90956285C5C3B000236EA /* NaheedPk_SwiftUITests.swift */; };
		C6C90961285C5C3B000236EA /* NaheedPk_SwiftUIUITests.swift in Sources */ = {isa = PBXBuildFile; fileRef = C6C90960285C5C3B000236EA /* NaheedPk_SwiftUIUITests.swift */; };
		C6C90963285C5C3B000236EA /* NaheedPk_SwiftUIUITestsLaunchTests.swift in Sources */ = {isa = PBXBuildFile; fileRef = C6C90962285C5C3B000236EA /* NaheedPk_SwiftUIUITestsLaunchTests.swift */; };
		C6C90976285C6444000236EA /* HomeNavigationView.swift in Sources */ = {isa = PBXBuildFile; fileRef = C6C90975285C6444000236EA /* HomeNavigationView.swift */; };
		C6C90978285C6EED000236EA /* SearchBarView.swift in Sources */ = {isa = PBXBuildFile; fileRef = C6C90977285C6EED000236EA /* SearchBarView.swift */; };
		C6C9097B285C79D8000236EA /* StartupView.swift in Sources */ = {isa = PBXBuildFile; fileRef = C6C9097A285C79D8000236EA /* StartupView.swift */; };
/* End PBXBuildFile section */

/* Begin PBXContainerItemProxy section */
		C6C90953285C5C3B000236EA /* PBXContainerItemProxy */ = {
			isa = PBXContainerItemProxy;
			containerPortal = C6C9093A285C5C3A000236EA /* Project object */;
			proxyType = 1;
			remoteGlobalIDString = C6C90941285C5C3A000236EA;
			remoteInfo = "NaheedPk-SwiftUI";
		};
		C6C9095D285C5C3B000236EA /* PBXContainerItemProxy */ = {
			isa = PBXContainerItemProxy;
			containerPortal = C6C9093A285C5C3A000236EA /* Project object */;
			proxyType = 1;
			remoteGlobalIDString = C6C90941285C5C3A000236EA;
			remoteInfo = "NaheedPk-SwiftUI";
		};
/* End PBXContainerItemProxy section */

/* Begin PBXFileReference section */
		C6C90942285C5C3A000236EA /* NaheedPk-SwiftUI.app */ = {isa = PBXFileReference; explicitFileType = wrapper.application; includeInIndex = 0; path = "NaheedPk-SwiftUI.app"; sourceTree = BUILT_PRODUCTS_DIR; };
		C6C90945285C5C3A000236EA /* NaheedPk_SwiftUIApp.swift */ = {isa = PBXFileReference; lastKnownFileType = sourcecode.swift; path = NaheedPk_SwiftUIApp.swift; sourceTree = "<group>"; };
		C6C90947285C5C3A000236EA /* ContentView.swift */ = {isa = PBXFileReference; lastKnownFileType = sourcecode.swift; path = ContentView.swift; sourceTree = "<group>"; };
		C6C90949285C5C3B000236EA /* Assets.xcassets */ = {isa = PBXFileReference; lastKnownFileType = folder.assetcatalog; path = Assets.xcassets; sourceTree = "<group>"; };
		C6C9094C285C5C3B000236EA /* Preview Assets.xcassets */ = {isa = PBXFileReference; lastKnownFileType = folder.assetcatalog; path = "Preview Assets.xcassets"; sourceTree = "<group>"; };
		C6C90952285C5C3B000236EA /* NaheedPk-SwiftUITests.xctest */ = {isa = PBXFileReference; explicitFileType = wrapper.cfbundle; includeInIndex = 0; path = "NaheedPk-SwiftUITests.xctest"; sourceTree = BUILT_PRODUCTS_DIR; };
		C6C90956285C5C3B000236EA /* NaheedPk_SwiftUITests.swift */ = {isa = PBXFileReference; lastKnownFileType = sourcecode.swift; path = NaheedPk_SwiftUITests.swift; sourceTree = "<group>"; };
		C6C9095C285C5C3B000236EA /* NaheedPk-SwiftUIUITests.xctest */ = {isa = PBXFileReference; explicitFileType = wrapper.cfbundle; includeInIndex = 0; path = "NaheedPk-SwiftUIUITests.xctest"; sourceTree = BUILT_PRODUCTS_DIR; };
		C6C90960285C5C3B000236EA /* NaheedPk_SwiftUIUITests.swift */ = {isa = PBXFileReference; lastKnownFileType = sourcecode.swift; path = NaheedPk_SwiftUIUITests.swift; sourceTree = "<group>"; };
		C6C90962285C5C3B000236EA /* NaheedPk_SwiftUIUITestsLaunchTests.swift */ = {isa = PBXFileReference; lastKnownFileType = sourcecode.swift; path = NaheedPk_SwiftUIUITestsLaunchTests.swift; sourceTree = "<group>"; };
		C6C90975285C6444000236EA /* HomeNavigationView.swift */ = {isa = PBXFileReference; lastKnownFileType = sourcecode.swift; path = HomeNavigationView.swift; sourceTree = "<group>"; };
		C6C90977285C6EED000236EA /* SearchBarView.swift */ = {isa = PBXFileReference; lastKnownFileType = sourcecode.swift; path = SearchBarView.swift; sourceTree = "<group>"; };
		C6C9097A285C79D8000236EA /* StartupView.swift */ = {isa = PBXFileReference; lastKnownFileType = sourcecode.swift; path = StartupView.swift; sourceTree = "<group>"; };
/* End PBXFileReference section */

/* Begin PBXFrameworksBuildPhase section */
		C6C9093F285C5C3A000236EA /* Frameworks */ = {
			isa = PBXFrameworksBuildPhase;
			buildActionMask = 2147483647;
			files = (
			);
			runOnlyForDeploymentPostprocessing = 0;
		};
		C6C9094F285C5C3B000236EA /* Frameworks */ = {
			isa = PBXFrameworksBuildPhase;
			buildActionMask = 2147483647;
			files = (
			);
			runOnlyForDeploymentPostprocessing = 0;
		};
		C6C90959285C5C3B000236EA /* Frameworks */ = {
			isa = PBXFrameworksBuildPhase;
			buildActionMask = 2147483647;
			files = (
			);
			runOnlyForDeploymentPostprocessing = 0;
		};
/* End PBXFrameworksBuildPhase section */

/* Begin PBXGroup section */
		C6C90939285C5C3A000236EA = {
			isa = PBXGroup;
			children = (
				C6C90944285C5C3A000236EA /* NaheedPk-SwiftUI */,
				C6C90955285C5C3B000236EA /* NaheedPk-SwiftUITests */,
				C6C9095F285C5C3B000236EA /* NaheedPk-SwiftUIUITests */,
				C6C90943285C5C3A000236EA /* Products */,
			);
			sourceTree = "<group>";
		};
		C6C90943285C5C3A000236EA /* Products */ = {
			isa = PBXGroup;
			children = (
				C6C90942285C5C3A000236EA /* NaheedPk-SwiftUI.app */,
				C6C90952285C5C3B000236EA /* NaheedPk-SwiftUITests.xctest */,
				C6C9095C285C5C3B000236EA /* NaheedPk-SwiftUIUITests.xctest */,
			);
			name = Products;
			sourceTree = "<group>";
		};
		C6C90944285C5C3A000236EA /* NaheedPk-SwiftUI */ = {
			isa = PBXGroup;
			children = (
				C6C90973285C6399000236EA /* Services */,
				C6C90972285C6393000236EA /* ViewModels */,
				C6C90971285C638D000236EA /* Views */,
				C6C90970285C6383000236EA /* Models */,
				C6C9096F285C637D000236EA /* Constants */,
				C6C90945285C5C3A000236EA /* NaheedPk_SwiftUIApp.swift */,
				C6C90947285C5C3A000236EA /* ContentView.swift */,
				C6C90949285C5C3B000236EA /* Assets.xcassets */,
				C6C9094B285C5C3B000236EA /* Preview Content */,
			);
			path = "NaheedPk-SwiftUI";
			sourceTree = "<group>";
		};
		C6C9094B285C5C3B000236EA /* Preview Content */ = {
			isa = PBXGroup;
			children = (
				C6C9094C285C5C3B000236EA /* Preview Assets.xcassets */,
			);
			path = "Preview Content";
			sourceTree = "<group>";
		};
		C6C90955285C5C3B000236EA /* NaheedPk-SwiftUITests */ = {
			isa = PBXGroup;
			children = (
				C6C90956285C5C3B000236EA /* NaheedPk_SwiftUITests.swift */,
			);
			path = "NaheedPk-SwiftUITests";
			sourceTree = "<group>";
		};
		C6C9095F285C5C3B000236EA /* NaheedPk-SwiftUIUITests */ = {
			isa = PBXGroup;
			children = (
				C6C90960285C5C3B000236EA /* NaheedPk_SwiftUIUITests.swift */,
				C6C90962285C5C3B000236EA /* NaheedPk_SwiftUIUITestsLaunchTests.swift */,
			);
			path = "NaheedPk-SwiftUIUITests";
			sourceTree = "<group>";
		};
		C6C9096F285C637D000236EA /* Constants */ = {
			isa = PBXGroup;
			children = (
			);
			path = Constants;
			sourceTree = "<group>";
		};
		C6C90970285C6383000236EA /* Models */ = {
			isa = PBXGroup;
			children = (
			);
			path = Models;
			sourceTree = "<group>";
		};
		C6C90971285C638D000236EA /* Views */ = {
			isa = PBXGroup;
			children = (
				C6C90979285C79C4000236EA /* StartupScreen */,
				C6C90974285C6435000236EA /* NavigationViews */,
			);
			path = Views;
			sourceTree = "<group>";
		};
		C6C90972285C6393000236EA /* ViewModels */ = {
			isa = PBXGroup;
			children = (
			);
			path = ViewModels;
			sourceTree = "<group>";
		};
		C6C90973285C6399000236EA /* Services */ = {
			isa = PBXGroup;
			children = (
			);
			path = Services;
			sourceTree = "<group>";
		};
		C6C90974285C6435000236EA /* NavigationViews */ = {
			isa = PBXGroup;
			children = (
				C6C90975285C6444000236EA /* HomeNavigationView.swift */,
				C6C90977285C6EED000236EA /* SearchBarView.swift */,
			);
			path = NavigationViews;
			sourceTree = "<group>";
		};
		C6C90979285C79C4000236EA /* StartupScreen */ = {
			isa = PBXGroup;
			children = (
				C6C9097A285C79D8000236EA /* StartupView.swift */,
			);
			path = StartupScreen;
			sourceTree = "<group>";
		};
/* End PBXGroup section */

/* Begin PBXNativeTarget section */
		C6C90941285C5C3A000236EA /* NaheedPk-SwiftUI */ = {
			isa = PBXNativeTarget;
			buildConfigurationList = C6C90966285C5C3B000236EA /* Build configuration list for PBXNativeTarget "NaheedPk-SwiftUI" */;
			buildPhases = (
				C6C9093E285C5C3A000236EA /* Sources */,
				C6C9093F285C5C3A000236EA /* Frameworks */,
				C6C90940285C5C3A000236EA /* Resources */,
			);
			buildRules = (
			);
			dependencies = (
			);
			name = "NaheedPk-SwiftUI";
			productName = "NaheedPk-SwiftUI";
			productReference = C6C90942285C5C3A000236EA /* NaheedPk-SwiftUI.app */;
			productType = "com.apple.product-type.application";
		};
		C6C90951285C5C3B000236EA /* NaheedPk-SwiftUITests */ = {
			isa = PBXNativeTarget;
			buildConfigurationList = C6C90969285C5C3B000236EA /* Build configuration list for PBXNativeTarget "NaheedPk-SwiftUITests" */;
			buildPhases = (
				C6C9094E285C5C3B000236EA /* Sources */,
				C6C9094F285C5C3B000236EA /* Frameworks */,
				C6C90950285C5C3B000236EA /* Resources */,
			);
			buildRules = (
			);
			dependencies = (
				C6C90954285C5C3B000236EA /* PBXTargetDependency */,
			);
			name = "NaheedPk-SwiftUITests";
			productName = "NaheedPk-SwiftUITests";
			productReference = C6C90952285C5C3B000236EA /* NaheedPk-SwiftUITests.xctest */;
			productType = "com.apple.product-type.bundle.unit-test";
		};
		C6C9095B285C5C3B000236EA /* NaheedPk-SwiftUIUITests */ = {
			isa = PBXNativeTarget;
			buildConfigurationList = C6C9096C285C5C3B000236EA /* Build configuration list for PBXNativeTarget "NaheedPk-SwiftUIUITests" */;
			buildPhases = (
				C6C90958285C5C3B000236EA /* Sources */,
				C6C90959285C5C3B000236EA /* Frameworks */,
				C6C9095A285C5C3B000236EA /* Resources */,
			);
			buildRules = (
			);
			dependencies = (
				C6C9095E285C5C3B000236EA /* PBXTargetDependency */,
			);
			name = "NaheedPk-SwiftUIUITests";
			productName = "NaheedPk-SwiftUIUITests";
			productReference = C6C9095C285C5C3B000236EA /* NaheedPk-SwiftUIUITests.xctest */;
			productType = "com.apple.product-type.bundle.ui-testing";
		};
/* End PBXNativeTarget section */

/* Begin PBXProject section */
		C6C9093A285C5C3A000236EA /* Project object */ = {
			isa = PBXProject;
			attributes = {
				BuildIndependentTargetsInParallel = 1;
				LastSwiftUpdateCheck = 1330;
				LastUpgradeCheck = 1330;
				TargetAttributes = {
					C6C90941285C5C3A000236EA = {
						CreatedOnToolsVersion = 13.3;
					};
					C6C90951285C5C3B000236EA = {
						CreatedOnToolsVersion = 13.3;
						TestTargetID = C6C90941285C5C3A000236EA;
					};
					C6C9095B285C5C3B000236EA = {
						CreatedOnToolsVersion = 13.3;
						TestTargetID = C6C90941285C5C3A000236EA;
					};
				};
			};
			buildConfigurationList = C6C9093D285C5C3A000236EA /* Build configuration list for PBXProject "NaheedPk-SwiftUI" */;
			compatibilityVersion = "Xcode 13.0";
			developmentRegion = en;
			hasScannedForEncodings = 0;
			knownRegions = (
				en,
				Base,
			);
			mainGroup = C6C90939285C5C3A000236EA;
			productRefGroup = C6C90943285C5C3A000236EA /* Products */;
			projectDirPath = "";
			projectRoot = "";
			targets = (
				C6C90941285C5C3A000236EA /* NaheedPk-SwiftUI */,
				C6C90951285C5C3B000236EA /* NaheedPk-SwiftUITests */,
				C6C9095B285C5C3B000236EA /* NaheedPk-SwiftUIUITests */,
			);
		};
/* End PBXProject section */

/* Begin PBXResourcesBuildPhase section */
		C6C90940285C5C3A000236EA /* Resources */ = {
			isa = PBXResourcesBuildPhase;
			buildActionMask = 2147483647;
			files = (
				C6C9094D285C5C3B000236EA /* Preview Assets.xcassets in Resources */,
				C6C9094A285C5C3B000236EA /* Assets.xcassets in Resources */,
			);
			runOnlyForDeploymentPostprocessing = 0;
		};
		C6C90950285C5C3B000236EA /* Resources */ = {
			isa = PBXResourcesBuildPhase;
			buildActionMask = 2147483647;
			files = (
			);
			runOnlyForDeploymentPostprocessing = 0;
		};
		C6C9095A285C5C3B000236EA /* Resources */ = {
			isa = PBXResourcesBuildPhase;
			buildActionMask = 2147483647;
			files = (
			);
			runOnlyForDeploymentPostprocessing = 0;
		};
/* End PBXResourcesBuildPhase section */

/* Begin PBXSourcesBuildPhase section */
		C6C9093E285C5C3A000236EA /* Sources */ = {
			isa = PBXSourcesBuildPhase;
			buildActionMask = 2147483647;
			files = (
				C6C90978285C6EED000236EA /* SearchBarView.swift in Sources */,
				C6C90976285C6444000236EA /* HomeNavigationView.swift in Sources */,
				C6C90948285C5C3A000236EA /* ContentView.swift in Sources */,
				C6C9097B285C79D8000236EA /* StartupView.swift in Sources */,
				C6C90946285C5C3A000236EA /* NaheedPk_SwiftUIApp.swift in Sources */,
			);
			runOnlyForDeploymentPostprocessing = 0;
		};
		C6C9094E285C5C3B000236EA /* Sources */ = {
			isa = PBXSourcesBuildPhase;
			buildActionMask = 2147483647;
			files = (
				C6C90957285C5C3B000236EA /* NaheedPk_SwiftUITests.swift in Sources */,
			);
			runOnlyForDeploymentPostprocessing = 0;
		};
		C6C90958285C5C3B000236EA /* Sources */ = {
			isa = PBXSourcesBuildPhase;
			buildActionMask = 2147483647;
			files = (
				C6C90963285C5C3B000236EA /* NaheedPk_SwiftUIUITestsLaunchTests.swift in Sources */,
				C6C90961285C5C3B000236EA /* NaheedPk_SwiftUIUITests.swift in Sources */,
			);
			runOnlyForDeploymentPostprocessing = 0;
		};
/* End PBXSourcesBuildPhase section */

/* Begin PBXTargetDependency section */
		C6C90954285C5C3B000236EA /* PBXTargetDependency */ = {
			isa = PBXTargetDependency;
			target = C6C90941285C5C3A000236EA /* NaheedPk-SwiftUI */;
			targetProxy = C6C90953285C5C3B000236EA /* PBXContainerItemProxy */;
		};
		C6C9095E285C5C3B000236EA /* PBXTargetDependency */ = {
			isa = PBXTargetDependency;
			target = C6C90941285C5C3A000236EA /* NaheedPk-SwiftUI */;
			targetProxy = C6C9095D285C5C3B000236EA /* PBXContainerItemProxy */;
		};
/* End PBXTargetDependency section */

/* Begin XCBuildConfiguration section */
		C6C90964285C5C3B000236EA /* Debug */ = {
			isa = XCBuildConfiguration;
			buildSettings = {
				ALWAYS_SEARCH_USER_PATHS = NO;
				CLANG_ANALYZER_NONNULL = YES;
				CLANG_ANALYZER_NUMBER_OBJECT_CONVERSION = YES_AGGRESSIVE;
				CLANG_CXX_LANGUAGE_STANDARD = "gnu++17";
				CLANG_ENABLE_MODULES = YES;
				CLANG_ENABLE_OBJC_ARC = YES;
				CLANG_ENABLE_OBJC_WEAK = YES;
				CLANG_WARN_BLOCK_CAPTURE_AUTORELEASING = YES;
				CLANG_WARN_BOOL_CONVERSION = YES;
				CLANG_WARN_COMMA = YES;
				CLANG_WARN_CONSTANT_CONVERSION = YES;
				CLANG_WARN_DEPRECATED_OBJC_IMPLEMENTATIONS = YES;
				CLANG_WARN_DIRECT_OBJC_ISA_USAGE = YES_ERROR;
				CLANG_WARN_DOCUMENTATION_COMMENTS = YES;
				CLANG_WARN_EMPTY_BODY = YES;
				CLANG_WARN_ENUM_CONVERSION = YES;
				CLANG_WARN_INFINITE_RECURSION = YES;
				CLANG_WARN_INT_CONVERSION = YES;
				CLANG_WARN_NON_LITERAL_NULL_CONVERSION = YES;
				CLANG_WARN_OBJC_IMPLICIT_RETAIN_SELF = YES;
				CLANG_WARN_OBJC_LITERAL_CONVERSION = YES;
				CLANG_WARN_OBJC_ROOT_CLASS = YES_ERROR;
				CLANG_WARN_QUOTED_INCLUDE_IN_FRAMEWORK_HEADER = YES;
				CLANG_WARN_RANGE_LOOP_ANALYSIS = YES;
				CLANG_WARN_STRICT_PROTOTYPES = YES;
				CLANG_WARN_SUSPICIOUS_MOVE = YES;
				CLANG_WARN_UNGUARDED_AVAILABILITY = YES_AGGRESSIVE;
				CLANG_WARN_UNREACHABLE_CODE = YES;
				CLANG_WARN__DUPLICATE_METHOD_MATCH = YES;
				COPY_PHASE_STRIP = NO;
				DEBUG_INFORMATION_FORMAT = dwarf;
				ENABLE_STRICT_OBJC_MSGSEND = YES;
				ENABLE_TESTABILITY = YES;
				GCC_C_LANGUAGE_STANDARD = gnu11;
				GCC_DYNAMIC_NO_PIC = NO;
				GCC_NO_COMMON_BLOCKS = YES;
				GCC_OPTIMIZATION_LEVEL = 0;
				GCC_PREPROCESSOR_DEFINITIONS = (
					"DEBUG=1",
					"$(inherited)",
				);
				GCC_WARN_64_TO_32_BIT_CONVERSION = YES;
				GCC_WARN_ABOUT_RETURN_TYPE = YES_ERROR;
				GCC_WARN_UNDECLARED_SELECTOR = YES;
				GCC_WARN_UNINITIALIZED_AUTOS = YES_AGGRESSIVE;
				GCC_WARN_UNUSED_FUNCTION = YES;
				GCC_WARN_UNUSED_VARIABLE = YES;
				IPHONEOS_DEPLOYMENT_TARGET = 15.4;
				MTL_ENABLE_DEBUG_INFO = INCLUDE_SOURCE;
				MTL_FAST_MATH = YES;
				ONLY_ACTIVE_ARCH = YES;
				SDKROOT = iphoneos;
				SWIFT_ACTIVE_COMPILATION_CONDITIONS = DEBUG;
				SWIFT_OPTIMIZATION_LEVEL = "-Onone";
			};
			name = Debug;
		};
		C6C90965285C5C3B000236EA /* Release */ = {
			isa = XCBuildConfiguration;
			buildSettings = {
				ALWAYS_SEARCH_USER_PATHS = NO;
				CLANG_ANALYZER_NONNULL = YES;
				CLANG_ANALYZER_NUMBER_OBJECT_CONVERSION = YES_AGGRESSIVE;
				CLANG_CXX_LANGUAGE_STANDARD = "gnu++17";
				CLANG_ENABLE_MODULES = YES;
				CLANG_ENABLE_OBJC_ARC = YES;
				CLANG_ENABLE_OBJC_WEAK = YES;
				CLANG_WARN_BLOCK_CAPTURE_AUTORELEASING = YES;
				CLANG_WARN_BOOL_CONVERSION = YES;
				CLANG_WARN_COMMA = YES;
				CLANG_WARN_CONSTANT_CONVERSION = YES;
				CLANG_WARN_DEPRECATED_OBJC_IMPLEMENTATIONS = YES;
				CLANG_WARN_DIRECT_OBJC_ISA_USAGE = YES_ERROR;
				CLANG_WARN_DOCUMENTATION_COMMENTS = YES;
				CLANG_WARN_EMPTY_BODY = YES;
				CLANG_WARN_ENUM_CONVERSION = YES;
				CLANG_WARN_INFINITE_RECURSION = YES;
				CLANG_WARN_INT_CONVERSION = YES;
				CLANG_WARN_NON_LITERAL_NULL_CONVERSION = YES;
				CLANG_WARN_OBJC_IMPLICIT_RETAIN_SELF = YES;
				CLANG_WARN_OBJC_LITERAL_CONVERSION = YES;
				CLANG_WARN_OBJC_ROOT_CLASS = YES_ERROR;
				CLANG_WARN_QUOTED_INCLUDE_IN_FRAMEWORK_HEADER = YES;
				CLANG_WARN_RANGE_LOOP_ANALYSIS = YES;
				CLANG_WARN_STRICT_PROTOTYPES = YES;
				CLANG_WARN_SUSPICIOUS_MOVE = YES;
				CLANG_WARN_UNGUARDED_AVAILABILITY = YES_AGGRESSIVE;
				CLANG_WARN_UNREACHABLE_CODE = YES;
				CLANG_WARN__DUPLICATE_METHOD_MATCH = YES;
				COPY_PHASE_STRIP = NO;
				DEBUG_INFORMATION_FORMAT = "dwarf-with-dsym";
				ENABLE_NS_ASSERTIONS = NO;
				ENABLE_STRICT_OBJC_MSGSEND = YES;
				GCC_C_LANGUAGE_STANDARD = gnu11;
				GCC_NO_COMMON_BLOCKS = YES;
				GCC_WARN_64_TO_32_BIT_CONVERSION = YES;
				GCC_WARN_ABOUT_RETURN_TYPE = YES_ERROR;
				GCC_WARN_UNDECLARED_SELECTOR = YES;
				GCC_WARN_UNINITIALIZED_AUTOS = YES_AGGRESSIVE;
				GCC_WARN_UNUSED_FUNCTION = YES;
				GCC_WARN_UNUSED_VARIABLE = YES;
				IPHONEOS_DEPLOYMENT_TARGET = 15.4;
				MTL_ENABLE_DEBUG_INFO = NO;
				MTL_FAST_MATH = YES;
				SDKROOT = iphoneos;
				SWIFT_COMPILATION_MODE = wholemodule;
				SWIFT_OPTIMIZATION_LEVEL = "-O";
				VALIDATE_PRODUCT = YES;
			};
			name = Release;
		};
		C6C90967285C5C3B000236EA /* Debug */ = {
			isa = XCBuildConfiguration;
			buildSettings = {
				ASSETCATALOG_COMPILER_APPICON_NAME = AppIcon;
				ASSETCATALOG_COMPILER_GLOBAL_ACCENT_COLOR_NAME = AccentColor;
				CODE_SIGN_STYLE = Automatic;
				CURRENT_PROJECT_VERSION = 1;
				DEVELOPMENT_ASSET_PATHS = "\"NaheedPk-SwiftUI/Preview Content\"";
				ENABLE_PREVIEWS = YES;
				GENERATE_INFOPLIST_FILE = YES;
				INFOPLIST_KEY_UIApplicationSceneManifest_Generation = YES;
				INFOPLIST_KEY_UIApplicationSupportsIndirectInputEvents = YES;
				INFOPLIST_KEY_UILaunchScreen_Generation = YES;
				INFOPLIST_KEY_UISupportedInterfaceOrientations_iPad = "UIInterfaceOrientationPortrait UIInterfaceOrientationPortraitUpsideDown UIInterfaceOrientationLandscapeLeft UIInterfaceOrientationLandscapeRight";
				INFOPLIST_KEY_UISupportedInterfaceOrientations_iPhone = "UIInterfaceOrientationPortrait UIInterfaceOrientationLandscapeLeft UIInterfaceOrientationLandscapeRight";
				LD_RUNPATH_SEARCH_PATHS = (
					"$(inherited)",
					"@executable_path/Frameworks",
				);
				MARKETING_VERSION = 1.0;
				PRODUCT_BUNDLE_IDENTIFIER = "com.practice.swiftui.NaheedPk-SwiftUI";
				PRODUCT_NAME = "$(TARGET_NAME)";
				SWIFT_EMIT_LOC_STRINGS = YES;
				SWIFT_VERSION = 5.0;
				TARGETED_DEVICE_FAMILY = "1,2";
			};
			name = Debug;
		};
		C6C90968285C5C3B000236EA /* Release */ = {
			isa = XCBuildConfiguration;
			buildSettings = {
				ASSETCATALOG_COMPILER_APPICON_NAME = AppIcon;
				ASSETCATALOG_COMPILER_GLOBAL_ACCENT_COLOR_NAME = AccentColor;
				CODE_SIGN_STYLE = Automatic;
				CURRENT_PROJECT_VERSION = 1;
				DEVELOPMENT_ASSET_PATHS = "\"NaheedPk-SwiftUI/Preview Content\"";
				ENABLE_PREVIEWS = YES;
				GENERATE_INFOPLIST_FILE = YES;
				INFOPLIST_KEY_UIApplicationSceneManifest_Generation = YES;
				INFOPLIST_KEY_UIApplicationSupportsIndirectInputEvents = YES;
				INFOPLIST_KEY_UILaunchScreen_Generation = YES;
				INFOPLIST_KEY_UISupportedInterfaceOrientations_iPad = "UIInterfaceOrientationPortrait UIInterfaceOrientationPortraitUpsideDown UIInterfaceOrientationLandscapeLeft UIInterfaceOrientationLandscapeRight";
				INFOPLIST_KEY_UISupportedInterfaceOrientations_iPhone = "UIInterfaceOrientationPortrait UIInterfaceOrientationLandscapeLeft UIInterfaceOrientationLandscapeRight";
				LD_RUNPATH_SEARCH_PATHS = (
					"$(inherited)",
					"@executable_path/Frameworks",
				);
				MARKETING_VERSION = 1.0;
				PRODUCT_BUNDLE_IDENTIFIER = "com.practice.swiftui.NaheedPk-SwiftUI";
				PRODUCT_NAME = "$(TARGET_NAME)";
				SWIFT_EMIT_LOC_STRINGS = YES;
				SWIFT_VERSION = 5.0;
				TARGETED_DEVICE_FAMILY = "1,2";
			};
			name = Release;
		};
		C6C9096A285C5C3B000236EA /* Debug */ = {
			isa = XCBuildConfiguration;
			buildSettings = {
				ALWAYS_EMBED_SWIFT_STANDARD_LIBRARIES = YES;
				BUNDLE_LOADER = "$(TEST_HOST)";
				CODE_SIGN_STYLE = Automatic;
				CURRENT_PROJECT_VERSION = 1;
				GENERATE_INFOPLIST_FILE = YES;
				IPHONEOS_DEPLOYMENT_TARGET = 15.4;
				MARKETING_VERSION = 1.0;
				PRODUCT_BUNDLE_IDENTIFIER = "com.practice.swiftui.NaheedPk-SwiftUITests";
				PRODUCT_NAME = "$(TARGET_NAME)";
				SWIFT_EMIT_LOC_STRINGS = NO;
				SWIFT_VERSION = 5.0;
				TARGETED_DEVICE_FAMILY = "1,2";
				TEST_HOST = "$(BUILT_PRODUCTS_DIR)/NaheedPk-SwiftUI.app/NaheedPk-SwiftUI";
			};
			name = Debug;
		};
		C6C9096B285C5C3B000236EA /* Release */ = {
			isa = XCBuildConfiguration;
			buildSettings = {
				ALWAYS_EMBED_SWIFT_STANDARD_LIBRARIES = YES;
				BUNDLE_LOADER = "$(TEST_HOST)";
				CODE_SIGN_STYLE = Automatic;
				CURRENT_PROJECT_VERSION = 1;
				GENERATE_INFOPLIST_FILE = YES;
				IPHONEOS_DEPLOYMENT_TARGET = 15.4;
				MARKETING_VERSION = 1.0;
				PRODUCT_BUNDLE_IDENTIFIER = "com.practice.swiftui.NaheedPk-SwiftUITests";
				PRODUCT_NAME = "$(TARGET_NAME)";
				SWIFT_EMIT_LOC_STRINGS = NO;
				SWIFT_VERSION = 5.0;
				TARGETED_DEVICE_FAMILY = "1,2";
				TEST_HOST = "$(BUILT_PRODUCTS_DIR)/NaheedPk-SwiftUI.app/NaheedPk-SwiftUI";
			};
			name = Release;
		};
		C6C9096D285C5C3B000236EA /* Debug */ = {
			isa = XCBuildConfiguration;
			buildSettings = {
				ALWAYS_EMBED_SWIFT_STANDARD_LIBRARIES = YES;
				CODE_SIGN_STYLE = Automatic;
				CURRENT_PROJECT_VERSION = 1;
				GENERATE_INFOPLIST_FILE = YES;
				MARKETING_VERSION = 1.0;
				PRODUCT_BUNDLE_IDENTIFIER = "com.practice.swiftui.NaheedPk-SwiftUIUITests";
				PRODUCT_NAME = "$(TARGET_NAME)";
				SWIFT_EMIT_LOC_STRINGS = NO;
				SWIFT_VERSION = 5.0;
				TARGETED_DEVICE_FAMILY = "1,2";
				TEST_TARGET_NAME = "NaheedPk-SwiftUI";
			};
			name = Debug;
		};
		C6C9096E285C5C3B000236EA /* Release */ = {
			isa = XCBuildConfiguration;
			buildSettings = {
				ALWAYS_EMBED_SWIFT_STANDARD_LIBRARIES = YES;
				CODE_SIGN_STYLE = Automatic;
				CURRENT_PROJECT_VERSION = 1;
				GENERATE_INFOPLIST_FILE = YES;
				MARKETING_VERSION = 1.0;
				PRODUCT_BUNDLE_IDENTIFIER = "com.practice.swiftui.NaheedPk-SwiftUIUITests";
				PRODUCT_NAME = "$(TARGET_NAME)";
				SWIFT_EMIT_LOC_STRINGS = NO;
				SWIFT_VERSION = 5.0;
				TARGETED_DEVICE_FAMILY = "1,2";
				TEST_TARGET_NAME = "NaheedPk-SwiftUI";
			};
			name = Release;
		};
/* End XCBuildConfiguration section */

/* Begin XCConfigurationList section */
		C6C9093D285C5C3A000236EA /* Build configuration list for PBXProject "NaheedPk-SwiftUI" */ = {
			isa = XCConfigurationList;
			buildConfigurations = (
				C6C90964285C5C3B000236EA /* Debug */,
				C6C90965285C5C3B000236EA /* Release */,
			);
			defaultConfigurationIsVisible = 0;
			defaultConfigurationName = Release;
		};
		C6C90966285C5C3B000236EA /* Build configuration list for PBXNativeTarget "NaheedPk-SwiftUI" */ = {
			isa = XCConfigurationList;
			buildConfigurations = (
				C6C90967285C5C3B000236EA /* Debug */,
				C6C90968285C5C3B000236EA /* Release */,
			);
			defaultConfigurationIsVisible = 0;
			defaultConfigurationName = Release;
		};
		C6C90969285C5C3B000236EA /* Build configuration list for PBXNativeTarget "NaheedPk-SwiftUITests" */ = {
			isa = XCConfigurationList;
			buildConfigurations = (
				C6C9096A285C5C3B000236EA /* Debug */,
				C6C9096B285C5C3B000236EA /* Release */,
			);
			defaultConfigurationIsVisible = 0;
			defaultConfigurationName = Release;
		};
		C6C9096C285C5C3B000236EA /* Build configuration list for PBXNativeTarget "NaheedPk-SwiftUIUITests" */ = {
			isa = XCConfigurationList;
			buildConfigurations = (
				C6C9096D285C5C3B000236EA /* Debug */,
				C6C9096E285C5C3B000236EA /* Release */,
			);
			defaultConfigurationIsVisible = 0;
			defaultConfigurationName = Release;
		};
/* End XCConfigurationList section */
	};
	rootObject = C6C9093A285C5C3A000236EA /* Project object */;
}
